// !$*UTF8*$!
{
	archiveVersion = 1;
	classes = {
	};
	objectVersion = 50;
	objects = {

/* Begin PBXBuildFile section */
		8E86226F24FC711800904E06 /* WelcomeViewController.swift in Sources */ = {isa = PBXBuildFile; fileRef = 8E86226E24FC711800904E06 /* WelcomeViewController.swift */; };
		8E86227124FC763900904E06 /* DescriptionViewController.swift in Sources */ = {isa = PBXBuildFile; fileRef = 8E86227024FC763900904E06 /* DescriptionViewController.swift */; };
		8EEDDFF024F9FBA300B83651 /* AppDelegate.swift in Sources */ = {isa = PBXBuildFile; fileRef = 8EEDDFEF24F9FBA300B83651 /* AppDelegate.swift */; };
		8EEDDFF224F9FBA300B83651 /* SceneDelegate.swift in Sources */ = {isa = PBXBuildFile; fileRef = 8EEDDFF124F9FBA300B83651 /* SceneDelegate.swift */; };
		8EEDDFF424F9FBA300B83651 /* LogInViewController.swift in Sources */ = {isa = PBXBuildFile; fileRef = 8EEDDFF324F9FBA300B83651 /* LogInViewController.swift */; };
		8EEDDFF724F9FBA300B83651 /* Main.storyboard in Resources */ = {isa = PBXBuildFile; fileRef = 8EEDDFF524F9FBA300B83651 /* Main.storyboard */; };
		8EEDDFF924F9FBAA00B83651 /* Assets.xcassets in Resources */ = {isa = PBXBuildFile; fileRef = 8EEDDFF824F9FBAA00B83651 /* Assets.xcassets */; };
		8EEDDFFC24F9FBAA00B83651 /* LaunchScreen.storyboard in Resources */ = {isa = PBXBuildFile; fileRef = 8EEDDFFA24F9FBAA00B83651 /* LaunchScreen.storyboard */; };
		8EEDE00824F9FD3C00B83651 /* User.swift in Sources */ = {isa = PBXBuildFile; fileRef = 8EEDE00724F9FD3C00B83651 /* User.swift */; };
/* End PBXBuildFile section */

/* Begin PBXFileReference section */
		8E86226E24FC711800904E06 /* WelcomeViewController.swift */ = {isa = PBXFileReference; lastKnownFileType = sourcecode.swift; path = WelcomeViewController.swift; sourceTree = "<group>"; };
		8E86227024FC763900904E06 /* DescriptionViewController.swift */ = {isa = PBXFileReference; lastKnownFileType = sourcecode.swift; path = DescriptionViewController.swift; sourceTree = "<group>"; };
		8EEDDFEC24F9FBA300B83651 /* ShapovalovAV_HW2.4.app */ = {isa = PBXFileReference; explicitFileType = wrapper.application; includeInIndex = 0; path = ShapovalovAV_HW2.4.app; sourceTree = BUILT_PRODUCTS_DIR; };
		8EEDDFEF24F9FBA300B83651 /* AppDelegate.swift */ = {isa = PBXFileReference; lastKnownFileType = sourcecode.swift; path = AppDelegate.swift; sourceTree = "<group>"; };
		8EEDDFF124F9FBA300B83651 /* SceneDelegate.swift */ = {isa = PBXFileReference; lastKnownFileType = sourcecode.swift; path = SceneDelegate.swift; sourceTree = "<group>"; };
		8EEDDFF324F9FBA300B83651 /* LogInViewController.swift */ = {isa = PBXFileReference; lastKnownFileType = sourcecode.swift; path = LogInViewController.swift; sourceTree = "<group>"; };
		8EEDDFF624F9FBA300B83651 /* Base */ = {isa = PBXFileReference; lastKnownFileType = file.storyboard; name = Base; path = Base.lproj/Main.storyboard; sourceTree = "<group>"; };
		8EEDDFF824F9FBAA00B83651 /* Assets.xcassets */ = {isa = PBXFileReference; lastKnownFileType = folder.assetcatalog; path = Assets.xcassets; sourceTree = "<group>"; };
		8EEDDFFB24F9FBAA00B83651 /* Base */ = {isa = PBXFileReference; lastKnownFileType = file.storyboard; name = Base; path = Base.lproj/LaunchScreen.storyboard; sourceTree = "<group>"; };
		8EEDDFFD24F9FBAA00B83651 /* Info.plist */ = {isa = PBXFileReference; lastKnownFileType = text.plist.xml; path = Info.plist; sourceTree = "<group>"; };
		8EEDE00724F9FD3C00B83651 /* User.swift */ = {isa = PBXFileReference; lastKnownFileType = sourcecode.swift; path = User.swift; sourceTree = "<group>"; };
/* End PBXFileReference section */

/* Begin PBXFrameworksBuildPhase section */
		8EEDDFE924F9FBA300B83651 /* Frameworks */ = {
			isa = PBXFrameworksBuildPhase;
			buildActionMask = 2147483647;
			files = (
			);
			runOnlyForDeploymentPostprocessing = 0;
		};
/* End PBXFrameworksBuildPhase section */

/* Begin PBXGroup section */
		8EEDDFE324F9FBA200B83651 = {
			isa = PBXGroup;
			children = (
				8EEDDFEE24F9FBA300B83651 /* ShapovalovAV_HW2.4 */,
				8EEDDFED24F9FBA300B83651 /* Products */,
			);
			sourceTree = "<group>";
		};
		8EEDDFED24F9FBA300B83651 /* Products */ = {
			isa = PBXGroup;
			children = (
				8EEDDFEC24F9FBA300B83651 /* ShapovalovAV_HW2.4.app */,
			);
			name = Products;
			sourceTree = "<group>";
		};
		8EEDDFEE24F9FBA300B83651 /* ShapovalovAV_HW2.4 */ = {
			isa = PBXGroup;
			children = (
				8EEDE00524F9FC4100B83651 /* ViewControllers */,
				8EEDE00624F9FC5300B83651 /* Models */,
				8EEDE00424F9FC3100B83651 /* Storyboards */,
				8EEDE00324F9FBEF00B83651 /* SupportingFiles */,
				8EEDDFF824F9FBAA00B83651 /* Assets.xcassets */,
			);
			path = ShapovalovAV_HW2.4;
			sourceTree = "<group>";
		};
		8EEDE00324F9FBEF00B83651 /* SupportingFiles */ = {
			isa = PBXGroup;
			children = (
				8EEDDFEF24F9FBA300B83651 /* AppDelegate.swift */,
				8EEDDFF124F9FBA300B83651 /* SceneDelegate.swift */,
				8EEDDFFD24F9FBAA00B83651 /* Info.plist */,
			);
			path = SupportingFiles;
			sourceTree = "<group>";
		};
		8EEDE00424F9FC3100B83651 /* Storyboards */ = {
			isa = PBXGroup;
			children = (
				8EEDDFF524F9FBA300B83651 /* Main.storyboard */,
				8EEDDFFA24F9FBAA00B83651 /* LaunchScreen.storyboard */,
			);
			path = Storyboards;
			sourceTree = "<group>";
		};
		8EEDE00524F9FC4100B83651 /* ViewControllers */ = {
			isa = PBXGroup;
			children = (
				8EEDDFF324F9FBA300B83651 /* LogInViewController.swift */,
				8E86226E24FC711800904E06 /* WelcomeViewController.swift */,
				8E86227024FC763900904E06 /* DescriptionViewController.swift */,
			);
			path = ViewControllers;
			sourceTree = "<group>";
		};
		8EEDE00624F9FC5300B83651 /* Models */ = {
			isa = PBXGroup;
			children = (
				8EEDE00724F9FD3C00B83651 /* User.swift */,
			);
			path = Models;
			sourceTree = "<group>";
		};
/* End PBXGroup section */

/* Begin PBXNativeTarget section */
		8EEDDFEB24F9FBA300B83651 /* ShapovalovAV_HW2.4 */ = {
			isa = PBXNativeTarget;
			buildConfigurationList = 8EEDE00024F9FBAA00B83651 /* Build configuration list for PBXNativeTarget "ShapovalovAV_HW2.4" */;
			buildPhases = (
				8EEDDFE824F9FBA300B83651 /* Sources */,
				8EEDDFE924F9FBA300B83651 /* Frameworks */,
				8EEDDFEA24F9FBA300B83651 /* Resources */,
			);
			buildRules = (
			);
			dependencies = (
			);
			name = ShapovalovAV_HW2.4;
			productName = ShapovalovAV_HW2.4;
			productReference = 8EEDDFEC24F9FBA300B83651 /* ShapovalovAV_HW2.4.app */;
			productType = "com.apple.product-type.application";
		};
/* End PBXNativeTarget section */

/* Begin PBXProject section */
		8EEDDFE424F9FBA300B83651 /* Project object */ = {
			isa = PBXProject;
			attributes = {
				LastSwiftUpdateCheck = 1160;
				LastUpgradeCheck = 1160;
				ORGANIZATIONNAME = Arthur;
				TargetAttributes = {
					8EEDDFEB24F9FBA300B83651 = {
						CreatedOnToolsVersion = 11.6;
					};
				};
			};
			buildConfigurationList = 8EEDDFE724F9FBA300B83651 /* Build configuration list for PBXProject "ShapovalovAV_HW2.4" */;
			compatibilityVersion = "Xcode 9.3";
			developmentRegion = en;
			hasScannedForEncodings = 0;
			knownRegions = (
				en,
				Base,
			);
			mainGroup = 8EEDDFE324F9FBA200B83651;
			productRefGroup = 8EEDDFED24F9FBA300B83651 /* Products */;
			projectDirPath = "";
			projectRoot = "";
			targets = (
				8EEDDFEB24F9FBA300B83651 /* ShapovalovAV_HW2.4 */,
			);
		};
/* End PBXProject section */

/* Begin PBXResourcesBuildPhase section */
		8EEDDFEA24F9FBA300B83651 /* Resources */ = {
			isa = PBXResourcesBuildPhase;
			buildActionMask = 2147483647;
			files = (
				8EEDDFFC24F9FBAA00B83651 /* LaunchScreen.storyboard in Resources */,
				8EEDDFF924F9FBAA00B83651 /* Assets.xcassets in Resources */,
				8EEDDFF724F9FBA300B83651 /* Main.storyboard in Resources */,
			);
			runOnlyForDeploymentPostprocessing = 0;
		};
/* End PBXResourcesBuildPhase section */

/* Begin PBXSourcesBuildPhase section */
		8EEDDFE824F9FBA300B83651 /* Sources */ = {
			isa = PBXSourcesBuildPhase;
			buildActionMask = 2147483647;
			files = (
				8EEDDFF424F9FBA300B83651 /* LogInViewController.swift in Sources */,
				8EEDDFF024F9FBA300B83651 /* AppDelegate.swift in Sources */,
				8EEDDFF224F9FBA300B83651 /* SceneDelegate.swift in Sources */,
				8E86227124FC763900904E06 /* DescriptionViewController.swift in Sources */,
				8EEDE00824F9FD3C00B83651 /* User.swift in Sources */,
				8E86226F24FC711800904E06 /* WelcomeViewController.swift in Sources */,
			);
			runOnlyForDeploymentPostprocessing = 0;
		};
/* End PBXSourcesBuildPhase section */

/* Begin PBXVariantGroup section */
		8EEDDFF524F9FBA300B83651 /* Main.storyboard */ = {
			isa = PBXVariantGroup;
			children = (
				8EEDDFF624F9FBA300B83651 /* Base */,
			);
			name = Main.storyboard;
			sourceTree = "<group>";
		};
		8EEDDFFA24F9FBAA00B83651 /* LaunchScreen.storyboard */ = {
			isa = PBXVariantGroup;
			children = (
				8EEDDFFB24F9FBAA00B83651 /* Base */,
			);
			name = LaunchScreen.storyboard;
			sourceTree = "<group>";
		};
/* End PBXVariantGroup section */

/* Begin XCBuildConfiguration section */
		8EEDDFFE24F9FBAA00B83651 /* Debug */ = {
			isa = XCBuildConfiguration;
			buildSettings = {
				ALWAYS_SEARCH_USER_PATHS = NO;
				CLANG_ANALYZER_NONNULL = YES;
				CLANG_ANALYZER_NUMBER_OBJECT_CONVERSION = YES_AGGRESSIVE;
				CLANG_CXX_LANGUAGE_STANDARD = "gnu++14";
				CLANG_CXX_LIBRARY = "libc++";
				CLANG_ENABLE_MODULES = YES;
				CLANG_ENABLE_OBJC_ARC = YES;
				CLANG_ENABLE_OBJC_WEAK = YES;
				CLANG_WARN_BLOCK_CAPTURE_AUTORELEASING = YES;
				CLANG_WARN_BOOL_CONVERSION = YES;
				CLANG_WARN_COMMA = YES;
				CLANG_WARN_CONSTANT_CONVERSION = YES;
				CLANG_WARN_DEPRECATED_OBJC_IMPLEMENTATIONS = YES;
				CLANG_WARN_DIRECT_OBJC_ISA_USAGE = YES_ERROR;
				CLANG_WARN_DOCUMENTATION_COMMENTS = YES;
				CLANG_WARN_EMPTY_BODY = YES;
				CLANG_WARN_ENUM_CONVERSION = YES;
				CLANG_WARN_INFINITE_RECURSION = YES;
				CLANG_WARN_INT_CONVERSION = YES;
				CLANG_WARN_NON_LITERAL_NULL_CONVERSION = YES;
				CLANG_WARN_OBJC_IMPLICIT_RETAIN_SELF = YES;
				CLANG_WARN_OBJC_LITERAL_CONVERSION = YES;
				CLANG_WARN_OBJC_ROOT_CLASS = YES_ERROR;
				CLANG_WARN_RANGE_LOOP_ANALYSIS = YES;
				CLANG_WARN_STRICT_PROTOTYPES = YES;
				CLANG_WARN_SUSPICIOUS_MOVE = YES;
				CLANG_WARN_UNGUARDED_AVAILABILITY = YES_AGGRESSIVE;
				CLANG_WARN_UNREACHABLE_CODE = YES;
				CLANG_WARN__DUPLICATE_METHOD_MATCH = YES;
				COPY_PHASE_STRIP = NO;
				DEBUG_INFORMATION_FORMAT = dwarf;
				ENABLE_STRICT_OBJC_MSGSEND = YES;
				ENABLE_TESTABILITY = YES;
				GCC_C_LANGUAGE_STANDARD = gnu11;
				GCC_DYNAMIC_NO_PIC = NO;
				GCC_NO_COMMON_BLOCKS = YES;
				GCC_OPTIMIZATION_LEVEL = 0;
				GCC_PREPROCESSOR_DEFINITIONS = (
					"DEBUG=1",
					"$(inherited)",
				);
				GCC_WARN_64_TO_32_BIT_CONVERSION = YES;
				GCC_WARN_ABOUT_RETURN_TYPE = YES_ERROR;
				GCC_WARN_UNDECLARED_SELECTOR = YES;
				GCC_WARN_UNINITIALIZED_AUTOS = YES_AGGRESSIVE;
				GCC_WARN_UNUSED_FUNCTION = YES;
				GCC_WARN_UNUSED_VARIABLE = YES;
				IPHONEOS_DEPLOYMENT_TARGET = 13.6;
				MTL_ENABLE_DEBUG_INFO = INCLUDE_SOURCE;
				MTL_FAST_MATH = YES;
				ONLY_ACTIVE_ARCH = YES;
				SDKROOT = iphoneos;
				SWIFT_ACTIVE_COMPILATION_CONDITIONS = DEBUG;
				SWIFT_OPTIMIZATION_LEVEL = "-Onone";
			};
			name = Debug;
		};
		8EEDDFFF24F9FBAA00B83651 /* Release */ = {
			isa = XCBuildConfiguration;
			buildSettings = {
				ALWAYS_SEARCH_USER_PATHS = NO;
				CLANG_ANALYZER_NONNULL = YES;
				CLANG_ANALYZER_NUMBER_OBJECT_CONVERSION = YES_AGGRESSIVE;
				CLANG_CXX_LANGUAGE_STANDARD = "gnu++14";
				CLANG_CXX_LIBRARY = "libc++";
				CLANG_ENABLE_MODULES = YES;
				CLANG_ENABLE_OBJC_ARC = YES;
				CLANG_ENABLE_OBJC_WEAK = YES;
				CLANG_WARN_BLOCK_CAPTURE_AUTORELEASING = YES;
				CLANG_WARN_BOOL_CONVERSION = YES;
				CLANG_WARN_COMMA = YES;
				CLANG_WARN_CONSTANT_CONVERSION = YES;
				CLANG_WARN_DEPRECATED_OBJC_IMPLEMENTATIONS = YES;
				CLANG_WARN_DIRECT_OBJC_ISA_USAGE = YES_ERROR;
				CLANG_WARN_DOCUMENTATION_COMMENTS = YES;
				CLANG_WARN_EMPTY_BODY = YES;
				CLANG_WARN_ENUM_CONVERSION = YES;
				CLANG_WARN_INFINITE_RECURSION = YES;
				CLANG_WARN_INT_CONVERSION = YES;
				CLANG_WARN_NON_LITERAL_NULL_CONVERSION = YES;
				CLANG_WARN_OBJC_IMPLICIT_RETAIN_SELF = YES;
				CLANG_WARN_OBJC_LITERAL_CONVERSION = YES;
				CLANG_WARN_OBJC_ROOT_CLASS = YES_ERROR;
				CLANG_WARN_RANGE_LOOP_ANALYSIS = YES;
				CLANG_WARN_STRICT_PROTOTYPES = YES;
				CLANG_WARN_SUSPICIOUS_MOVE = YES;
				CLANG_WARN_UNGUARDED_AVAILABILITY = YES_AGGRESSIVE;
				CLANG_WARN_UNREACHABLE_CODE = YES;
				CLANG_WARN__DUPLICATE_METHOD_MATCH = YES;
				COPY_PHASE_STRIP = NO;
				DEBUG_INFORMATION_FORMAT = "dwarf-with-dsym";
				ENABLE_NS_ASSERTIONS = NO;
				ENABLE_STRICT_OBJC_MSGSEND = YES;
				GCC_C_LANGUAGE_STANDARD = gnu11;
				GCC_NO_COMMON_BLOCKS = YES;
				GCC_WARN_64_TO_32_BIT_CONVERSION = YES;
				GCC_WARN_ABOUT_RETURN_TYPE = YES_ERROR;
				GCC_WARN_UNDECLARED_SELECTOR = YES;
				GCC_WARN_UNINITIALIZED_AUTOS = YES_AGGRESSIVE;
				GCC_WARN_UNUSED_FUNCTION = YES;
				GCC_WARN_UNUSED_VARIABLE = YES;
				IPHONEOS_DEPLOYMENT_TARGET = 13.6;
				MTL_ENABLE_DEBUG_INFO = NO;
				MTL_FAST_MATH = YES;
				SDKROOT = iphoneos;
				SWIFT_COMPILATION_MODE = wholemodule;
				SWIFT_OPTIMIZATION_LEVEL = "-O";
				VALIDATE_PRODUCT = YES;
			};
			name = Release;
		};
		8EEDE00124F9FBAA00B83651 /* Debug */ = {
			isa = XCBuildConfiguration;
			buildSettings = {
				ASSETCATALOG_COMPILER_APPICON_NAME = AppIcon;
				CODE_SIGN_STYLE = Automatic;
				INFOPLIST_FILE = ShapovalovAV_HW2.4/SupportingFiles/Info.plist;
				LD_RUNPATH_SEARCH_PATHS = (
					"$(inherited)",
					"@executable_path/Frameworks",
				);
				PRODUCT_BUNDLE_IDENTIFIER = "apple.com.ShapovalovAV-HW2-4";
				PRODUCT_NAME = "$(TARGET_NAME)";
				SWIFT_VERSION = 5.0;
				TARGETED_DEVICE_FAMILY = "1,2";
			};
			name = Debug;
		};
		8EEDE00224F9FBAA00B83651 /* Release */ = {
			isa = XCBuildConfiguration;
			buildSettings = {
				ASSETCATALOG_COMPILER_APPICON_NAME = AppIcon;
				CODE_SIGN_STYLE = Automatic;
				INFOPLIST_FILE = ShapovalovAV_HW2.4/SupportingFiles/Info.plist;
				LD_RUNPATH_SEARCH_PATHS = (
					"$(inherited)",
					"@executable_path/Frameworks",
				);
				PRODUCT_BUNDLE_IDENTIFIER = "apple.com.ShapovalovAV-HW2-4";
				PRODUCT_NAME = "$(TARGET_NAME)";
				SWIFT_VERSION = 5.0;
				TARGETED_DEVICE_FAMILY = "1,2";
			};
			name = Release;
		};
/* End XCBuildConfiguration section */

/* Begin XCConfigurationList section */
		8EEDDFE724F9FBA300B83651 /* Build configuration list for PBXProject "ShapovalovAV_HW2.4" */ = {
			isa = XCConfigurationList;
			buildConfigurations = (
				8EEDDFFE24F9FBAA00B83651 /* Debug */,
				8EEDDFFF24F9FBAA00B83651 /* Release */,
			);
			defaultConfigurationIsVisible = 0;
			defaultConfigurationName = Release;
		};
		8EEDE00024F9FBAA00B83651 /* Build configuration list for PBXNativeTarget "ShapovalovAV_HW2.4" */ = {
			isa = XCConfigurationList;
			buildConfigurations = (
				8EEDE00124F9FBAA00B83651 /* Debug */,
				8EEDE00224F9FBAA00B83651 /* Release */,
			);
			defaultConfigurationIsVisible = 0;
			defaultConfigurationName = Release;
		};
/* End XCConfigurationList section */
	};
	rootObject = 8EEDDFE424F9FBA300B83651 /* Project object */;
}
